// !$*UTF8*$!
{
	archiveVersion = 1;
	classes = {
	};
	objectVersion = 50;
	objects = {

/* Begin PBXBuildFile section */
		10FB8A32431C40B61897989A /* Pods_flix_demo.framework in Frameworks */ = {isa = PBXBuildFile; fileRef = FDE550C3F2E32D0B2139C381 /* Pods_flix_demo.framework */; };
		7C60BF54FC732BE6B3AB8C10 /* Pods_flix_demoTests.framework in Frameworks */ = {isa = PBXBuildFile; fileRef = C53180AE9300761CE3F2E3D1 /* Pods_flix_demoTests.framework */; };
		A13345885D24982212CB09D2 /* Pods_flix_demoUITests.framework in Frameworks */ = {isa = PBXBuildFile; fileRef = D3064532451331309F321309 /* Pods_flix_demoUITests.framework */; };
		CE65997A2146C787000BCD58 /* MovieCell.swift in Sources */ = {isa = PBXBuildFile; fileRef = CE6599792146C787000BCD58 /* MovieCell.swift */; };
		CE65997E2148864B000BCD58 /* DetailViewController.swift in Sources */ = {isa = PBXBuildFile; fileRef = CE65997D2148864B000BCD58 /* DetailViewController.swift */; };
		CE659980214895F8000BCD58 /* PosterCell.swift in Sources */ = {isa = PBXBuildFile; fileRef = CE65997F214895F8000BCD58 /* PosterCell.swift */; };
		CE65998221489685000BCD58 /* SuperheroViewController.swift in Sources */ = {isa = PBXBuildFile; fileRef = CE65998121489685000BCD58 /* SuperheroViewController.swift */; };
		CEB2F676213F4CD000221D9F /* AppDelegate.swift in Sources */ = {isa = PBXBuildFile; fileRef = CEB2F675213F4CD000221D9F /* AppDelegate.swift */; };
		CEB2F67B213F4CD000221D9F /* Main.storyboard in Resources */ = {isa = PBXBuildFile; fileRef = CEB2F679213F4CD000221D9F /* Main.storyboard */; };
		CEB2F67D213F4CD100221D9F /* Assets.xcassets in Resources */ = {isa = PBXBuildFile; fileRef = CEB2F67C213F4CD100221D9F /* Assets.xcassets */; };
		CEB2F680213F4CD100221D9F /* LaunchScreen.storyboard in Resources */ = {isa = PBXBuildFile; fileRef = CEB2F67E213F4CD100221D9F /* LaunchScreen.storyboard */; };
		CEB2F68B213F4CD100221D9F /* flix_demoTests.swift in Sources */ = {isa = PBXBuildFile; fileRef = CEB2F68A213F4CD100221D9F /* flix_demoTests.swift */; };
		CEB2F696213F4CD100221D9F /* flix_demoUITests.swift in Sources */ = {isa = PBXBuildFile; fileRef = CEB2F695213F4CD100221D9F /* flix_demoUITests.swift */; };
		CEB2F6A42140677200221D9F /* NowPlayingViewController.swift in Sources */ = {isa = PBXBuildFile; fileRef = CEB2F6A32140677200221D9F /* NowPlayingViewController.swift */; };
/* End PBXBuildFile section */

/* Begin PBXContainerItemProxy section */
		CEB2F687213F4CD100221D9F /* PBXContainerItemProxy */ = {
			isa = PBXContainerItemProxy;
			containerPortal = CEB2F66A213F4CD000221D9F /* Project object */;
			proxyType = 1;
			remoteGlobalIDString = CEB2F671213F4CD000221D9F;
			remoteInfo = flix_demo;
		};
		CEB2F692213F4CD100221D9F /* PBXContainerItemProxy */ = {
			isa = PBXContainerItemProxy;
			containerPortal = CEB2F66A213F4CD000221D9F /* Project object */;
			proxyType = 1;
			remoteGlobalIDString = CEB2F671213F4CD000221D9F;
			remoteInfo = flix_demo;
		};
/* End PBXContainerItemProxy section */

/* Begin PBXFileReference section */
		077CD2F35899ECD9BB87E863 /* Pods-flix_demoTests.release.xcconfig */ = {isa = PBXFileReference; includeInIndex = 1; lastKnownFileType = text.xcconfig; name = "Pods-flix_demoTests.release.xcconfig"; path = "Pods/Target Support Files/Pods-flix_demoTests/Pods-flix_demoTests.release.xcconfig"; sourceTree = "<group>"; };
		6B0CAAB060496964A22D0827 /* Pods-flix_demoTests.debug.xcconfig */ = {isa = PBXFileReference; includeInIndex = 1; lastKnownFileType = text.xcconfig; name = "Pods-flix_demoTests.debug.xcconfig"; path = "Pods/Target Support Files/Pods-flix_demoTests/Pods-flix_demoTests.debug.xcconfig"; sourceTree = "<group>"; };
		8D9E2947CF8DAB40A5586361 /* Pods-flix_demoUITests.debug.xcconfig */ = {isa = PBXFileReference; includeInIndex = 1; lastKnownFileType = text.xcconfig; name = "Pods-flix_demoUITests.debug.xcconfig"; path = "Pods/Target Support Files/Pods-flix_demoUITests/Pods-flix_demoUITests.debug.xcconfig"; sourceTree = "<group>"; };
		9423B23B91B0C5353C19A629 /* Pods-flix_demo.release.xcconfig */ = {isa = PBXFileReference; includeInIndex = 1; lastKnownFileType = text.xcconfig; name = "Pods-flix_demo.release.xcconfig"; path = "Pods/Target Support Files/Pods-flix_demo/Pods-flix_demo.release.xcconfig"; sourceTree = "<group>"; };
		C53180AE9300761CE3F2E3D1 /* Pods_flix_demoTests.framework */ = {isa = PBXFileReference; explicitFileType = wrapper.framework; includeInIndex = 0; path = Pods_flix_demoTests.framework; sourceTree = BUILT_PRODUCTS_DIR; };
		C9B761E366C56A95226BA753 /* Pods-flix_demoUITests.release.xcconfig */ = {isa = PBXFileReference; includeInIndex = 1; lastKnownFileType = text.xcconfig; name = "Pods-flix_demoUITests.release.xcconfig"; path = "Pods/Target Support Files/Pods-flix_demoUITests/Pods-flix_demoUITests.release.xcconfig"; sourceTree = "<group>"; };
		CE6599792146C787000BCD58 /* MovieCell.swift */ = {isa = PBXFileReference; lastKnownFileType = sourcecode.swift; path = MovieCell.swift; sourceTree = "<group>"; };
		CE65997D2148864B000BCD58 /* DetailViewController.swift */ = {isa = PBXFileReference; lastKnownFileType = sourcecode.swift; path = DetailViewController.swift; sourceTree = "<group>"; };
		CE65997F214895F8000BCD58 /* PosterCell.swift */ = {isa = PBXFileReference; lastKnownFileType = sourcecode.swift; path = PosterCell.swift; sourceTree = "<group>"; };
		CE65998121489685000BCD58 /* SuperheroViewController.swift */ = {isa = PBXFileReference; lastKnownFileType = sourcecode.swift; path = SuperheroViewController.swift; sourceTree = "<group>"; };
		CEB2F672213F4CD000221D9F /* flix_demo.app */ = {isa = PBXFileReference; explicitFileType = wrapper.application; includeInIndex = 0; path = flix_demo.app; sourceTree = BUILT_PRODUCTS_DIR; };
		CEB2F675213F4CD000221D9F /* AppDelegate.swift */ = {isa = PBXFileReference; lastKnownFileType = sourcecode.swift; path = AppDelegate.swift; sourceTree = "<group>"; };
		CEB2F67A213F4CD000221D9F /* Base */ = {isa = PBXFileReference; lastKnownFileType = file.storyboard; name = Base; path = Base.lproj/Main.storyboard; sourceTree = "<group>"; };
		CEB2F67C213F4CD100221D9F /* Assets.xcassets */ = {isa = PBXFileReference; lastKnownFileType = folder.assetcatalog; path = Assets.xcassets; sourceTree = "<group>"; };
		CEB2F67F213F4CD100221D9F /* Base */ = {isa = PBXFileReference; lastKnownFileType = file.storyboard; name = Base; path = Base.lproj/LaunchScreen.storyboard; sourceTree = "<group>"; };
		CEB2F681213F4CD100221D9F /* Info.plist */ = {isa = PBXFileReference; lastKnownFileType = text.plist.xml; path = Info.plist; sourceTree = "<group>"; };
		CEB2F686213F4CD100221D9F /* flix_demoTests.xctest */ = {isa = PBXFileReference; explicitFileType = wrapper.cfbundle; includeInIndex = 0; path = flix_demoTests.xctest; sourceTree = BUILT_PRODUCTS_DIR; };
		CEB2F68A213F4CD100221D9F /* flix_demoTests.swift */ = {isa = PBXFileReference; lastKnownFileType = sourcecode.swift; path = flix_demoTests.swift; sourceTree = "<group>"; };
		CEB2F68C213F4CD100221D9F /* Info.plist */ = {isa = PBXFileReference; lastKnownFileType = text.plist.xml; path = Info.plist; sourceTree = "<group>"; };
		CEB2F691213F4CD100221D9F /* flix_demoUITests.xctest */ = {isa = PBXFileReference; explicitFileType = wrapper.cfbundle; includeInIndex = 0; path = flix_demoUITests.xctest; sourceTree = BUILT_PRODUCTS_DIR; };
		CEB2F695213F4CD100221D9F /* flix_demoUITests.swift */ = {isa = PBXFileReference; lastKnownFileType = sourcecode.swift; path = flix_demoUITests.swift; sourceTree = "<group>"; };
		CEB2F697213F4CD100221D9F /* Info.plist */ = {isa = PBXFileReference; lastKnownFileType = text.plist.xml; path = Info.plist; sourceTree = "<group>"; };
		CEB2F6A32140677200221D9F /* NowPlayingViewController.swift */ = {isa = PBXFileReference; lastKnownFileType = sourcecode.swift; path = NowPlayingViewController.swift; sourceTree = "<group>"; };
		D3064532451331309F321309 /* Pods_flix_demoUITests.framework */ = {isa = PBXFileReference; explicitFileType = wrapper.framework; includeInIndex = 0; path = Pods_flix_demoUITests.framework; sourceTree = BUILT_PRODUCTS_DIR; };
		EB825A8EC145ABF35C8FC81A /* Pods-flix_demo.debug.xcconfig */ = {isa = PBXFileReference; includeInIndex = 1; lastKnownFileType = text.xcconfig; name = "Pods-flix_demo.debug.xcconfig"; path = "Pods/Target Support Files/Pods-flix_demo/Pods-flix_demo.debug.xcconfig"; sourceTree = "<group>"; };
		FDE550C3F2E32D0B2139C381 /* Pods_flix_demo.framework */ = {isa = PBXFileReference; explicitFileType = wrapper.framework; includeInIndex = 0; path = Pods_flix_demo.framework; sourceTree = BUILT_PRODUCTS_DIR; };
/* End PBXFileReference section */

/* Begin PBXFrameworksBuildPhase section */
		CEB2F66F213F4CD000221D9F /* Frameworks */ = {
			isa = PBXFrameworksBuildPhase;
			buildActionMask = 2147483647;
			files = (
				10FB8A32431C40B61897989A /* Pods_flix_demo.framework in Frameworks */,
			);
			runOnlyForDeploymentPostprocessing = 0;
		};
		CEB2F683213F4CD100221D9F /* Frameworks */ = {
			isa = PBXFrameworksBuildPhase;
			buildActionMask = 2147483647;
			files = (
				7C60BF54FC732BE6B3AB8C10 /* Pods_flix_demoTests.framework in Frameworks */,
			);
			runOnlyForDeploymentPostprocessing = 0;
		};
		CEB2F68E213F4CD100221D9F /* Frameworks */ = {
			isa = PBXFrameworksBuildPhase;
			buildActionMask = 2147483647;
			files = (
				A13345885D24982212CB09D2 /* Pods_flix_demoUITests.framework in Frameworks */,
			);
			runOnlyForDeploymentPostprocessing = 0;
		};
/* End PBXFrameworksBuildPhase section */

/* Begin PBXGroup section */
		72F85CDC1F1FB5B6DDA9CEFE /* Frameworks */ = {
			isa = PBXGroup;
			children = (
				FDE550C3F2E32D0B2139C381 /* Pods_flix_demo.framework */,
				C53180AE9300761CE3F2E3D1 /* Pods_flix_demoTests.framework */,
				D3064532451331309F321309 /* Pods_flix_demoUITests.framework */,
			);
			name = Frameworks;
			sourceTree = "<group>";
		};
		C676DBB104AC9A42C481CC79 /* Pods */ = {
			isa = PBXGroup;
			children = (
				EB825A8EC145ABF35C8FC81A /* Pods-flix_demo.debug.xcconfig */,
				9423B23B91B0C5353C19A629 /* Pods-flix_demo.release.xcconfig */,
				6B0CAAB060496964A22D0827 /* Pods-flix_demoTests.debug.xcconfig */,
				077CD2F35899ECD9BB87E863 /* Pods-flix_demoTests.release.xcconfig */,
				8D9E2947CF8DAB40A5586361 /* Pods-flix_demoUITests.debug.xcconfig */,
				C9B761E366C56A95226BA753 /* Pods-flix_demoUITests.release.xcconfig */,
			);
			name = Pods;
			sourceTree = "<group>";
		};
		CE65997B214885C6000BCD58 /* ViewControllers */ = {
			isa = PBXGroup;
			children = (
				CEB2F6A32140677200221D9F /* NowPlayingViewController.swift */,
				CE65997D2148864B000BCD58 /* DetailViewController.swift */,
				CE65998121489685000BCD58 /* SuperheroViewController.swift */,
			);
			path = ViewControllers;
			sourceTree = "<group>";
		};
		CE65997C214885F1000BCD58 /* Views */ = {
			isa = PBXGroup;
			children = (
				CE6599792146C787000BCD58 /* MovieCell.swift */,
				CE65997F214895F8000BCD58 /* PosterCell.swift */,
			);
			path = Views;
			sourceTree = "<group>";
		};
		CEB2F669213F4CD000221D9F = {
			isa = PBXGroup;
			children = (
				CEB2F674213F4CD000221D9F /* flix_demo */,
				CEB2F689213F4CD100221D9F /* flix_demoTests */,
				CEB2F694213F4CD100221D9F /* flix_demoUITests */,
				CEB2F673213F4CD000221D9F /* Products */,
				C676DBB104AC9A42C481CC79 /* Pods */,
				72F85CDC1F1FB5B6DDA9CEFE /* Frameworks */,
			);
			sourceTree = "<group>";
		};
		CEB2F673213F4CD000221D9F /* Products */ = {
			isa = PBXGroup;
			children = (
				CEB2F672213F4CD000221D9F /* flix_demo.app */,
				CEB2F686213F4CD100221D9F /* flix_demoTests.xctest */,
				CEB2F691213F4CD100221D9F /* flix_demoUITests.xctest */,
			);
			name = Products;
			sourceTree = "<group>";
		};
		CEB2F674213F4CD000221D9F /* flix_demo */ = {
			isa = PBXGroup;
			children = (
				CE65997C214885F1000BCD58 /* Views */,
				CE65997B214885C6000BCD58 /* ViewControllers */,
				CEB2F675213F4CD000221D9F /* AppDelegate.swift */,
				CEB2F679213F4CD000221D9F /* Main.storyboard */,
				CEB2F67C213F4CD100221D9F /* Assets.xcassets */,
				CEB2F67E213F4CD100221D9F /* LaunchScreen.storyboard */,
				CEB2F681213F4CD100221D9F /* Info.plist */,
			);
			path = flix_demo;
			sourceTree = "<group>";
		};
		CEB2F689213F4CD100221D9F /* flix_demoTests */ = {
			isa = PBXGroup;
			children = (
				CEB2F68A213F4CD100221D9F /* flix_demoTests.swift */,
				CEB2F68C213F4CD100221D9F /* Info.plist */,
			);
			path = flix_demoTests;
			sourceTree = "<group>";
		};
		CEB2F694213F4CD100221D9F /* flix_demoUITests */ = {
			isa = PBXGroup;
			children = (
				CEB2F695213F4CD100221D9F /* flix_demoUITests.swift */,
				CEB2F697213F4CD100221D9F /* Info.plist */,
			);
			path = flix_demoUITests;
			sourceTree = "<group>";
		};
/* End PBXGroup section */

/* Begin PBXNativeTarget section */
		CEB2F671213F4CD000221D9F /* flix_demo */ = {
			isa = PBXNativeTarget;
			buildConfigurationList = CEB2F69A213F4CD200221D9F /* Build configuration list for PBXNativeTarget "flix_demo" */;
			buildPhases = (
				152D5A3AD68FDCE4619023C7 /* [CP] Check Pods Manifest.lock */,
				CEB2F66E213F4CD000221D9F /* Sources */,
				CEB2F66F213F4CD000221D9F /* Frameworks */,
				CEB2F670213F4CD000221D9F /* Resources */,
				99F315E5B691697620117E4A /* [CP] Embed Pods Frameworks */,
			);
			buildRules = (
			);
			dependencies = (
			);
			name = flix_demo;
			productName = flix_demo;
			productReference = CEB2F672213F4CD000221D9F /* flix_demo.app */;
			productType = "com.apple.product-type.application";
		};
		CEB2F685213F4CD100221D9F /* flix_demoTests */ = {
			isa = PBXNativeTarget;
			buildConfigurationList = CEB2F69D213F4CD200221D9F /* Build configuration list for PBXNativeTarget "flix_demoTests" */;
			buildPhases = (
				F8DCEE77CFE264BF93FA7687 /* [CP] Check Pods Manifest.lock */,
				CEB2F682213F4CD100221D9F /* Sources */,
				CEB2F683213F4CD100221D9F /* Frameworks */,
				CEB2F684213F4CD100221D9F /* Resources */,
			);
			buildRules = (
			);
			dependencies = (
				CEB2F688213F4CD100221D9F /* PBXTargetDependency */,
			);
			name = flix_demoTests;
			productName = flix_demoTests;
			productReference = CEB2F686213F4CD100221D9F /* flix_demoTests.xctest */;
			productType = "com.apple.product-type.bundle.unit-test";
		};
		CEB2F690213F4CD100221D9F /* flix_demoUITests */ = {
			isa = PBXNativeTarget;
			buildConfigurationList = CEB2F6A0213F4CD200221D9F /* Build configuration list for PBXNativeTarget "flix_demoUITests" */;
			buildPhases = (
				96E6BE52B41D985B7BE0C207 /* [CP] Check Pods Manifest.lock */,
				CEB2F68D213F4CD100221D9F /* Sources */,
				CEB2F68E213F4CD100221D9F /* Frameworks */,
				CEB2F68F213F4CD100221D9F /* Resources */,
			);
			buildRules = (
			);
			dependencies = (
				CEB2F693213F4CD100221D9F /* PBXTargetDependency */,
			);
			name = flix_demoUITests;
			productName = flix_demoUITests;
			productReference = CEB2F691213F4CD100221D9F /* flix_demoUITests.xctest */;
			productType = "com.apple.product-type.bundle.ui-testing";
		};
/* End PBXNativeTarget section */

/* Begin PBXProject section */
		CEB2F66A213F4CD000221D9F /* Project object */ = {
			isa = PBXProject;
			attributes = {
				LastSwiftUpdateCheck = 0940;
				LastUpgradeCheck = 0940;
				ORGANIZATIONNAME = "Kaila Prochaska";
				TargetAttributes = {
					CEB2F671213F4CD000221D9F = {
						CreatedOnToolsVersion = 9.4.1;
					};
					CEB2F685213F4CD100221D9F = {
						CreatedOnToolsVersion = 9.4.1;
						TestTargetID = CEB2F671213F4CD000221D9F;
					};
					CEB2F690213F4CD100221D9F = {
						CreatedOnToolsVersion = 9.4.1;
						TestTargetID = CEB2F671213F4CD000221D9F;
					};
				};
			};
			buildConfigurationList = CEB2F66D213F4CD000221D9F /* Build configuration list for PBXProject "flix_demo" */;
			compatibilityVersion = "Xcode 9.3";
			developmentRegion = en;
			hasScannedForEncodings = 0;
			knownRegions = (
				en,
				Base,
			);
			mainGroup = CEB2F669213F4CD000221D9F;
			productRefGroup = CEB2F673213F4CD000221D9F /* Products */;
			projectDirPath = "";
			projectRoot = "";
			targets = (
				CEB2F671213F4CD000221D9F /* flix_demo */,
				CEB2F685213F4CD100221D9F /* flix_demoTests */,
				CEB2F690213F4CD100221D9F /* flix_demoUITests */,
			);
		};
/* End PBXProject section */

/* Begin PBXResourcesBuildPhase section */
		CEB2F670213F4CD000221D9F /* Resources */ = {
			isa = PBXResourcesBuildPhase;
			buildActionMask = 2147483647;
			files = (
				CEB2F680213F4CD100221D9F /* LaunchScreen.storyboard in Resources */,
				CEB2F67D213F4CD100221D9F /* Assets.xcassets in Resources */,
				CEB2F67B213F4CD000221D9F /* Main.storyboard in Resources */,
			);
			runOnlyForDeploymentPostprocessing = 0;
		};
		CEB2F684213F4CD100221D9F /* Resources */ = {
			isa = PBXResourcesBuildPhase;
			buildActionMask = 2147483647;
			files = (
			);
			runOnlyForDeploymentPostprocessing = 0;
		};
		CEB2F68F213F4CD100221D9F /* Resources */ = {
			isa = PBXResourcesBuildPhase;
			buildActionMask = 2147483647;
			files = (
			);
			runOnlyForDeploymentPostprocessing = 0;
		};
/* End PBXResourcesBuildPhase section */

/* Begin PBXShellScriptBuildPhase section */
		152D5A3AD68FDCE4619023C7 /* [CP] Check Pods Manifest.lock */ = {
			isa = PBXShellScriptBuildPhase;
			buildActionMask = 2147483647;
			files = (
			);
			inputPaths = (
				"${PODS_PODFILE_DIR_PATH}/Podfile.lock",
				"${PODS_ROOT}/Manifest.lock",
			);
			name = "[CP] Check Pods Manifest.lock";
			outputPaths = (
				"$(DERIVED_FILE_DIR)/Pods-flix_demo-checkManifestLockResult.txt",
			);
			runOnlyForDeploymentPostprocessing = 0;
			shellPath = /bin/sh;
			shellScript = "diff \"${PODS_PODFILE_DIR_PATH}/Podfile.lock\" \"${PODS_ROOT}/Manifest.lock\" > /dev/null\nif [ $? != 0 ] ; then\n    # print error to STDERR\n    echo \"error: The sandbox is not in sync with the Podfile.lock. Run 'pod install' or update your CocoaPods installation.\" >&2\n    exit 1\nfi\n# This output is used by Xcode 'outputs' to avoid re-running this script phase.\necho \"SUCCESS\" > \"${SCRIPT_OUTPUT_FILE_0}\"\n";
			showEnvVarsInLog = 0;
		};
		96E6BE52B41D985B7BE0C207 /* [CP] Check Pods Manifest.lock */ = {
			isa = PBXShellScriptBuildPhase;
			buildActionMask = 2147483647;
			files = (
			);
			inputPaths = (
				"${PODS_PODFILE_DIR_PATH}/Podfile.lock",
				"${PODS_ROOT}/Manifest.lock",
			);
			name = "[CP] Check Pods Manifest.lock";
			outputPaths = (
				"$(DERIVED_FILE_DIR)/Pods-flix_demoUITests-checkManifestLockResult.txt",
			);
			runOnlyForDeploymentPostprocessing = 0;
			shellPath = /bin/sh;
			shellScript = "diff \"${PODS_PODFILE_DIR_PATH}/Podfile.lock\" \"${PODS_ROOT}/Manifest.lock\" > /dev/null\nif [ $? != 0 ] ; then\n    # print error to STDERR\n    echo \"error: The sandbox is not in sync with the Podfile.lock. Run 'pod install' or update your CocoaPods installation.\" >&2\n    exit 1\nfi\n# This output is used by Xcode 'outputs' to avoid re-running this script phase.\necho \"SUCCESS\" > \"${SCRIPT_OUTPUT_FILE_0}\"\n";
			showEnvVarsInLog = 0;
		};
		99F315E5B691697620117E4A /* [CP] Embed Pods Frameworks */ = {
			isa = PBXShellScriptBuildPhase;
			buildActionMask = 2147483647;
			files = (
			);
			inputPaths = (
				"${SRCROOT}/Pods/Target Support Files/Pods-flix_demo/Pods-flix_demo-frameworks.sh",
				"${BUILT_PRODUCTS_DIR}/Alamofire/Alamofire.framework",
				"${BUILT_PRODUCTS_DIR}/AlamofireImage/AlamofireImage.framework",
			);
			name = "[CP] Embed Pods Frameworks";
			outputPaths = (
				"${TARGET_BUILD_DIR}/${FRAMEWORKS_FOLDER_PATH}/Alamofire.framework",
				"${TARGET_BUILD_DIR}/${FRAMEWORKS_FOLDER_PATH}/AlamofireImage.framework",
			);
			runOnlyForDeploymentPostprocessing = 0;
			shellPath = /bin/sh;
			shellScript = "\"${SRCROOT}/Pods/Target Support Files/Pods-flix_demo/Pods-flix_demo-frameworks.sh\"\n";
			showEnvVarsInLog = 0;
		};
		F8DCEE77CFE264BF93FA7687 /* [CP] Check Pods Manifest.lock */ = {
			isa = PBXShellScriptBuildPhase;
			buildActionMask = 2147483647;
			files = (
			);
			inputPaths = (
				"${PODS_PODFILE_DIR_PATH}/Podfile.lock",
				"${PODS_ROOT}/Manifest.lock",
			);
			name = "[CP] Check Pods Manifest.lock";
			outputPaths = (
				"$(DERIVED_FILE_DIR)/Pods-flix_demoTests-checkManifestLockResult.txt",
			);
			runOnlyForDeploymentPostprocessing = 0;
			shellPath = /bin/sh;
			shellScript = "diff \"${PODS_PODFILE_DIR_PATH}/Podfile.lock\" \"${PODS_ROOT}/Manifest.lock\" > /dev/null\nif [ $? != 0 ] ; then\n    # print error to STDERR\n    echo \"error: The sandbox is not in sync with the Podfile.lock. Run 'pod install' or update your CocoaPods installation.\" >&2\n    exit 1\nfi\n# This output is used by Xcode 'outputs' to avoid re-running this script phase.\necho \"SUCCESS\" > \"${SCRIPT_OUTPUT_FILE_0}\"\n";
			showEnvVarsInLog = 0;
		};
/* End PBXShellScriptBuildPhase section */

/* Begin PBXSourcesBuildPhase section */
		CEB2F66E213F4CD000221D9F /* Sources */ = {
			isa = PBXSourcesBuildPhase;
			buildActionMask = 2147483647;
			files = (
				CEB2F6A42140677200221D9F /* NowPlayingViewController.swift in Sources */,
				CE659980214895F8000BCD58 /* PosterCell.swift in Sources */,
				CE65998221489685000BCD58 /* SuperheroViewController.swift in Sources */,
				CEB2F676213F4CD000221D9F /* AppDelegate.swift in Sources */,
				CE65997A2146C787000BCD58 /* MovieCell.swift in Sources */,
				CE65997E2148864B000BCD58 /* DetailViewController.swift in Sources */,
			);
			runOnlyForDeploymentPostprocessing = 0;
		};
		CEB2F682213F4CD100221D9F /* Sources */ = {
			isa = PBXSourcesBuildPhase;
			buildActionMask = 2147483647;
			files = (
				CEB2F68B213F4CD100221D9F /* flix_demoTests.swift in Sources */,
			);
			runOnlyForDeploymentPostprocessing = 0;
		};
		CEB2F68D213F4CD100221D9F /* Sources */ = {
			isa = PBXSourcesBuildPhase;
			buildActionMask = 2147483647;
			files = (
				CEB2F696213F4CD100221D9F /* flix_demoUITests.swift in Sources */,
			);
			runOnlyForDeploymentPostprocessing = 0;
		};
/* End PBXSourcesBuildPhase section */

/* Begin PBXTargetDependency section */
		CEB2F688213F4CD100221D9F /* PBXTargetDependency */ = {
			isa = PBXTargetDependency;
			target = CEB2F671213F4CD000221D9F /* flix_demo */;
			targetProxy = CEB2F687213F4CD100221D9F /* PBXContainerItemProxy */;
		};
		CEB2F693213F4CD100221D9F /* PBXTargetDependency */ = {
			isa = PBXTargetDependency;
			target = CEB2F671213F4CD000221D9F /* flix_demo */;
			targetProxy = CEB2F692213F4CD100221D9F /* PBXContainerItemProxy */;
		};
/* End PBXTargetDependency section */

/* Begin PBXVariantGroup section */
		CEB2F679213F4CD000221D9F /* Main.storyboard */ = {
			isa = PBXVariantGroup;
			children = (
				CEB2F67A213F4CD000221D9F /* Base */,
			);
			name = Main.storyboard;
			sourceTree = "<group>";
		};
		CEB2F67E213F4CD100221D9F /* LaunchScreen.storyboard */ = {
			isa = PBXVariantGroup;
			children = (
				CEB2F67F213F4CD100221D9F /* Base */,
			);
			name = LaunchScreen.storyboard;
			sourceTree = "<group>";
		};
/* End PBXVariantGroup section */

/* Begin XCBuildConfiguration section */
		CEB2F698213F4CD100221D9F /* Debug */ = {
			isa = XCBuildConfiguration;
			buildSettings = {
				ALWAYS_SEARCH_USER_PATHS = NO;
				CLANG_ANALYZER_NONNULL = YES;
				CLANG_ANALYZER_NUMBER_OBJECT_CONVERSION = YES_AGGRESSIVE;
				CLANG_CXX_LANGUAGE_STANDARD = "gnu++14";
				CLANG_CXX_LIBRARY = "libc++";
				CLANG_ENABLE_MODULES = YES;
				CLANG_ENABLE_OBJC_ARC = YES;
				CLANG_ENABLE_OBJC_WEAK = YES;
				CLANG_WARN_BLOCK_CAPTURE_AUTORELEASING = YES;
				CLANG_WARN_BOOL_CONVERSION = YES;
				CLANG_WARN_COMMA = YES;
				CLANG_WARN_CONSTANT_CONVERSION = YES;
				CLANG_WARN_DEPRECATED_OBJC_IMPLEMENTATIONS = YES;
				CLANG_WARN_DIRECT_OBJC_ISA_USAGE = YES_ERROR;
				CLANG_WARN_DOCUMENTATION_COMMENTS = YES;
				CLANG_WARN_EMPTY_BODY = YES;
				CLANG_WARN_ENUM_CONVERSION = YES;
				CLANG_WARN_INFINITE_RECURSION = YES;
				CLANG_WARN_INT_CONVERSION = YES;
				CLANG_WARN_NON_LITERAL_NULL_CONVERSION = YES;
				CLANG_WARN_OBJC_IMPLICIT_RETAIN_SELF = YES;
				CLANG_WARN_OBJC_LITERAL_CONVERSION = YES;
				CLANG_WARN_OBJC_ROOT_CLASS = YES_ERROR;
				CLANG_WARN_RANGE_LOOP_ANALYSIS = YES;
				CLANG_WARN_STRICT_PROTOTYPES = YES;
				CLANG_WARN_SUSPICIOUS_MOVE = YES;
				CLANG_WARN_UNGUARDED_AVAILABILITY = YES_AGGRESSIVE;
				CLANG_WARN_UNREACHABLE_CODE = YES;
				CLANG_WARN__DUPLICATE_METHOD_MATCH = YES;
				CODE_SIGN_IDENTITY = "iPhone Developer";
				COPY_PHASE_STRIP = NO;
				DEBUG_INFORMATION_FORMAT = dwarf;
				ENABLE_STRICT_OBJC_MSGSEND = YES;
				ENABLE_TESTABILITY = YES;
				GCC_C_LANGUAGE_STANDARD = gnu11;
				GCC_DYNAMIC_NO_PIC = NO;
				GCC_NO_COMMON_BLOCKS = YES;
				GCC_OPTIMIZATION_LEVEL = 0;
				GCC_PREPROCESSOR_DEFINITIONS = (
					"DEBUG=1",
					"$(inherited)",
				);
				GCC_WARN_64_TO_32_BIT_CONVERSION = YES;
				GCC_WARN_ABOUT_RETURN_TYPE = YES_ERROR;
				GCC_WARN_UNDECLARED_SELECTOR = YES;
				GCC_WARN_UNINITIALIZED_AUTOS = YES_AGGRESSIVE;
				GCC_WARN_UNUSED_FUNCTION = YES;
				GCC_WARN_UNUSED_VARIABLE = YES;
				IPHONEOS_DEPLOYMENT_TARGET = 11.4;
				MTL_ENABLE_DEBUG_INFO = YES;
				ONLY_ACTIVE_ARCH = YES;
				SDKROOT = iphoneos;
				SWIFT_ACTIVE_COMPILATION_CONDITIONS = DEBUG;
				SWIFT_OPTIMIZATION_LEVEL = "-Onone";
			};
			name = Debug;
		};
		CEB2F699213F4CD100221D9F /* Release */ = {
			isa = XCBuildConfiguration;
			buildSettings = {
				ALWAYS_SEARCH_USER_PATHS = NO;
				CLANG_ANALYZER_NONNULL = YES;
				CLANG_ANALYZER_NUMBER_OBJECT_CONVERSION = YES_AGGRESSIVE;
				CLANG_CXX_LANGUAGE_STANDARD = "gnu++14";
				CLANG_CXX_LIBRARY = "libc++";
				CLANG_ENABLE_MODULES = YES;
				CLANG_ENABLE_OBJC_ARC = YES;
				CLANG_ENABLE_OBJC_WEAK = YES;
				CLANG_WARN_BLOCK_CAPTURE_AUTORELEASING = YES;
				CLANG_WARN_BOOL_CONVERSION = YES;
				CLANG_WARN_COMMA = YES;
				CLANG_WARN_CONSTANT_CONVERSION = YES;
				CLANG_WARN_DEPRECATED_OBJC_IMPLEMENTATIONS = YES;
				CLANG_WARN_DIRECT_OBJC_ISA_USAGE = YES_ERROR;
				CLANG_WARN_DOCUMENTATION_COMMENTS = YES;
				CLANG_WARN_EMPTY_BODY = YES;
				CLANG_WARN_ENUM_CONVERSION = YES;
				CLANG_WARN_INFINITE_RECURSION = YES;
				CLANG_WARN_INT_CONVERSION = YES;
				CLANG_WARN_NON_LITERAL_NULL_CONVERSION = YES;
				CLANG_WARN_OBJC_IMPLICIT_RETAIN_SELF = YES;
				CLANG_WARN_OBJC_LITERAL_CONVERSION = YES;
				CLANG_WARN_OBJC_ROOT_CLASS = YES_ERROR;
				CLANG_WARN_RANGE_LOOP_ANALYSIS = YES;
				CLANG_WARN_STRICT_PROTOTYPES = YES;
				CLANG_WARN_SUSPICIOUS_MOVE = YES;
				CLANG_WARN_UNGUARDED_AVAILABILITY = YES_AGGRESSIVE;
				CLANG_WARN_UNREACHABLE_CODE = YES;
				CLANG_WARN__DUPLICATE_METHOD_MATCH = YES;
				CODE_SIGN_IDENTITY = "iPhone Developer";
				COPY_PHASE_STRIP = NO;
				DEBUG_INFORMATION_FORMAT = "dwarf-with-dsym";
				ENABLE_NS_ASSERTIONS = NO;
				ENABLE_STRICT_OBJC_MSGSEND = YES;
				GCC_C_LANGUAGE_STANDARD = gnu11;
				GCC_NO_COMMON_BLOCKS = YES;
				GCC_WARN_64_TO_32_BIT_CONVERSION = YES;
				GCC_WARN_ABOUT_RETURN_TYPE = YES_ERROR;
				GCC_WARN_UNDECLARED_SELECTOR = YES;
				GCC_WARN_UNINITIALIZED_AUTOS = YES_AGGRESSIVE;
				GCC_WARN_UNUSED_FUNCTION = YES;
				GCC_WARN_UNUSED_VARIABLE = YES;
				IPHONEOS_DEPLOYMENT_TARGET = 11.4;
				MTL_ENABLE_DEBUG_INFO = NO;
				SDKROOT = iphoneos;
				SWIFT_COMPILATION_MODE = wholemodule;
				SWIFT_OPTIMIZATION_LEVEL = "-O";
				VALIDATE_PRODUCT = YES;
			};
			name = Release;
		};
		CEB2F69B213F4CD200221D9F /* Debug */ = {
			isa = XCBuildConfiguration;
			baseConfigurationReference = EB825A8EC145ABF35C8FC81A /* Pods-flix_demo.debug.xcconfig */;
			buildSettings = {
				ASSETCATALOG_COMPILER_APPICON_NAME = AppIcon;
				CODE_SIGN_STYLE = Automatic;
				INFOPLIST_FILE = flix_demo/Info.plist;
				LD_RUNPATH_SEARCH_PATHS = (
					"$(inherited)",
					"@executable_path/Frameworks",
				);
				PRODUCT_BUNDLE_IDENTIFIER = "com.kailaprochaska.flix-demo";
				PRODUCT_NAME = "$(TARGET_NAME)";
				SWIFT_VERSION = 4.0;
				TARGETED_DEVICE_FAMILY = "1,2";
			};
			name = Debug;
		};
		CEB2F69C213F4CD200221D9F /* Release */ = {
			isa = XCBuildConfiguration;
			baseConfigurationReference = 9423B23B91B0C5353C19A629 /* Pods-flix_demo.release.xcconfig */;
			buildSettings = {
				ASSETCATALOG_COMPILER_APPICON_NAME = AppIcon;
				CODE_SIGN_STYLE = Automatic;
				INFOPLIST_FILE = flix_demo/Info.plist;
				LD_RUNPATH_SEARCH_PATHS = (
					"$(inherited)",
					"@executable_path/Frameworks",
				);
				PRODUCT_BUNDLE_IDENTIFIER = "com.kailaprochaska.flix-demo";
				PRODUCT_NAME = "$(TARGET_NAME)";
				SWIFT_VERSION = 4.0;
				TARGETED_DEVICE_FAMILY = "1,2";
			};
			name = Release;
		};
		CEB2F69E213F4CD200221D9F /* Debug */ = {
			isa = XCBuildConfiguration;
			baseConfigurationReference = 6B0CAAB060496964A22D0827 /* Pods-flix_demoTests.debug.xcconfig */;
			buildSettings = {
				ALWAYS_EMBED_SWIFT_STANDARD_LIBRARIES = YES;
				BUNDLE_LOADER = "$(TEST_HOST)";
				CODE_SIGN_STYLE = Automatic;
				INFOPLIST_FILE = flix_demoTests/Info.plist;
				LD_RUNPATH_SEARCH_PATHS = (
					"$(inherited)",
					"@executable_path/Frameworks",
					"@loader_path/Frameworks",
				);
				PRODUCT_BUNDLE_IDENTIFIER = "com.kailaprochaska.flix-demoTests";
				PRODUCT_NAME = "$(TARGET_NAME)";
				SWIFT_VERSION = 4.0;
				TARGETED_DEVICE_FAMILY = "1,2";
				TEST_HOST = "$(BUILT_PRODUCTS_DIR)/flix_demo.app/flix_demo";
			};
			name = Debug;
		};
		CEB2F69F213F4CD200221D9F /* Release */ = {
			isa = XCBuildConfiguration;
			baseConfigurationReference = 077CD2F35899ECD9BB87E863 /* Pods-flix_demoTests.release.xcconfig */;
			buildSettings = {
				ALWAYS_EMBED_SWIFT_STANDARD_LIBRARIES = YES;
				BUNDLE_LOADER = "$(TEST_HOST)";
				CODE_SIGN_STYLE = Automatic;
				INFOPLIST_FILE = flix_demoTests/Info.plist;
				LD_RUNPATH_SEARCH_PATHS = (
					"$(inherited)",
					"@executable_path/Frameworks",
					"@loader_path/Frameworks",
				);
				PRODUCT_BUNDLE_IDENTIFIER = "com.kailaprochaska.flix-demoTests";
				PRODUCT_NAME = "$(TARGET_NAME)";
				SWIFT_VERSION = 4.0;
				TARGETED_DEVICE_FAMILY = "1,2";
				TEST_HOST = "$(BUILT_PRODUCTS_DIR)/flix_demo.app/flix_demo";
			};
			name = Release;
		};
		CEB2F6A1213F4CD200221D9F /* Debug */ = {
			isa = XCBuildConfiguration;
			baseConfigurationReference = 8D9E2947CF8DAB40A5586361 /* Pods-flix_demoUITests.debug.xcconfig */;
			buildSettings = {
				ALWAYS_EMBED_SWIFT_STANDARD_LIBRARIES = YES;
				CODE_SIGN_STYLE = Automatic;
				INFOPLIST_FILE = flix_demoUITests/Info.plist;
				LD_RUNPATH_SEARCH_PATHS = (
					"$(inherited)",
					"@executable_path/Frameworks",
					"@loader_path/Frameworks",
				);
				PRODUCT_BUNDLE_IDENTIFIER = "com.kailaprochaska.flix-demoUITests";
				PRODUCT_NAME = "$(TARGET_NAME)";
				SWIFT_VERSION = 4.0;
				TARGETED_DEVICE_FAMILY = "1,2";
				TEST_TARGET_NAME = flix_demo;
			};
			name = Debug;
		};
		CEB2F6A2213F4CD200221D9F /* Release */ = {
			isa = XCBuildConfiguration;
			baseConfigurationReference = C9B761E366C56A95226BA753 /* Pods-flix_demoUITests.release.xcconfig */;
			buildSettings = {
				ALWAYS_EMBED_SWIFT_STANDARD_LIBRARIES = YES;
				CODE_SIGN_STYLE = Automatic;
				INFOPLIST_FILE = flix_demoUITests/Info.plist;
				LD_RUNPATH_SEARCH_PATHS = (
					"$(inherited)",
					"@executable_path/Frameworks",
					"@loader_path/Frameworks",
				);
				PRODUCT_BUNDLE_IDENTIFIER = "com.kailaprochaska.flix-demoUITests";
				PRODUCT_NAME = "$(TARGET_NAME)";
				SWIFT_VERSION = 4.0;
				TARGETED_DEVICE_FAMILY = "1,2";
				TEST_TARGET_NAME = flix_demo;
			};
			name = Release;
		};
/* End XCBuildConfiguration section */

/* Begin XCConfigurationList section */
		CEB2F66D213F4CD000221D9F /* Build configuration list for PBXProject "flix_demo" */ = {
			isa = XCConfigurationList;
			buildConfigurations = (
				CEB2F698213F4CD100221D9F /* Debug */,
				CEB2F699213F4CD100221D9F /* Release */,
			);
			defaultConfigurationIsVisible = 0;
			defaultConfigurationName = Release;
		};
		CEB2F69A213F4CD200221D9F /* Build configuration list for PBXNativeTarget "flix_demo" */ = {
			isa = XCConfigurationList;
			buildConfigurations = (
				CEB2F69B213F4CD200221D9F /* Debug */,
				CEB2F69C213F4CD200221D9F /* Release */,
			);
			defaultConfigurationIsVisible = 0;
			defaultConfigurationName = Release;
		};
		CEB2F69D213F4CD200221D9F /* Build configuration list for PBXNativeTarget "flix_demoTests" */ = {
			isa = XCConfigurationList;
			buildConfigurations = (
				CEB2F69E213F4CD200221D9F /* Debug */,
				CEB2F69F213F4CD200221D9F /* Release */,
			);
			defaultConfigurationIsVisible = 0;
			defaultConfigurationName = Release;
		};
		CEB2F6A0213F4CD200221D9F /* Build configuration list for PBXNativeTarget "flix_demoUITests" */ = {
			isa = XCConfigurationList;
			buildConfigurations = (
				CEB2F6A1213F4CD200221D9F /* Debug */,
				CEB2F6A2213F4CD200221D9F /* Release */,
			);
			defaultConfigurationIsVisible = 0;
			defaultConfigurationName = Release;
		};
/* End XCConfigurationList section */
	};
	rootObject = CEB2F66A213F4CD000221D9F /* Project object */;
}
